PODS:
  - Bolts/Tasks (1.5.0)
  - Parse (1.10.0):
    - Bolts/Tasks (~> 1.5)
  - react-native-icons (0.0.4)
  - React/Core (0.14.2)
  - React/RCTActionSheet (0.14.2):
    - React/Core
  - React/RCTGeolocation (0.14.2):
    - React/Core
  - React/RCTImage (0.14.2):
    - React/Core
    - React/RCTNetwork
  - React/RCTLinkingIOS (0.14.2):
    - React/Core
  - React/RCTNetwork (0.14.2):
    - React/Core
  - React/RCTPushNotification (0.14.2):
    - React/Core
  - React/RCTSettings (0.14.2):
    - React/Core
  - React/RCTText (0.14.2):
    - React/Core
  - React/RCTVibration (0.14.2):
    - React/Core
  - React/RCTWebSocket (0.14.2):
    - React/Core

DEPENDENCIES:
  - Parse
  - react-native-icons (from `../node_modules/react-native-icons`)
  - React/RCTActionSheet (from `../node_modules/react-native`)
  - React/RCTGeolocation (from `../node_modules/react-native`)
  - React/RCTImage (from `../node_modules/react-native`)
  - React/RCTLinkingIOS (from `../node_modules/react-native`)
  - React/RCTNetwork (from `../node_modules/react-native`)
  - React/RCTPushNotification (from `../node_modules/react-native`)
  - React/RCTSettings (from `../node_modules/react-native`)
  - React/RCTText (from `../node_modules/react-native`)
  - React/RCTVibration (from `../node_modules/react-native`)
  - React/RCTWebSocket (from `../node_modules/react-native`)

EXTERNAL SOURCES:
  React:
    :path: "../node_modules/react-native"
  react-native-icons:
    :path: "../node_modules/react-native-icons"

SPEC CHECKSUMS:
  Bolts: 722ab9a4f8b50fc4ed1b9998a5a7a2b3f16d80b4
  Parse: 90b2544822200f84b18bfacc4e8b0a3a6c3584a2
  React: e0dc1498eee8800999917f437a027223f49d731d
  react-native-icons: 1c80e8ebde9d4b8450631c87ad0bc99eb95eceda

COCOAPODS: 0.39.0
